
Microsoft Visual Studio Solution File, Format Version 12.00
# Visual Studio 15
VisualStudioVersion = 15.0.26730.16
MinimumVisualStudioVersion = 10.0.40219.1
Project("{FAE04EC0-301F-11D3-BF4B-00C04F79EFBC}") = "DemoWeb", "DemoWeb\DemoWeb.csproj", "{06D012F8-CB0F-4125-89C4-D2E34B93FE81}"
EndProject
Global
	GlobalSection(SolutionConfigurationPlatforms) = preSolution
		Debug|Any CPU = Debug|Any CPU
		Release|Any CPU = Release|Any CPU
	EndGlobalSection
	GlobalSection(ProjectConfigurationPlatforms) = postSolution
		{06D012F8-CB0F-4125-89C4-D2E34B93FE81}.Debug|Any CPU.ActiveCfg = Debug|Any CPU
		{06D012F8-CB0F-4125-89C4-D2E34B93FE81}.Debug|Any CPU.Build.0 = Debug|Any CPU
		{06D012F8-CB0F-4125-89C4-D2E34B93FE81}.Release|Any CPU.ActiveCfg = Release|Any CPU
		{06D012F8-CB0F-4125-89C4-D2E34B93FE81}.Release|Any CPU.Build.0 = Release|Any CPU
	EndGlobalSection
	GlobalSection(SolutionProperties) = preSolution
		HideSolutionNode = FALSE
	EndGlobalSection
	GlobalSection(ExtensibilityGlobals) = postSolution
		SolutionGuid = {63C1AFFA-AE36-4000-AEAE-4F7DA5082A48}
	EndGlobalSection
EndGlobal
